// !$*UTF8*$!
{
	archiveVersion = 1;
	classes = {
	};
	objectVersion = 45;
	objects = {

/* Begin PBXBuildFile section */
		8DD76FAC0486AB0100D96B5E /* MagazineArticles_main.c in Sources */ = {isa = PBXBuildFile; fileRef = 08FB7796FE84155DC02AAC07 /* MagazineArticles_main.c */; settings = {ATTRIBUTES = (); }; };
		8DD76FB00486AB0100D96B5E /* MagazineArticles.1 in CopyFiles */ = {isa = PBXBuildFile; fileRef = C6A0FF2C0290799A04C91782 /* MagazineArticles.1 */; };
		A5D756CF15D1BD5A00618C79 /* MagazineContents.txt in CopyFiles */ = {isa = PBXBuildFile; fileRef = A5D756C915D1BAFD00618C79 /* MagazineContents.txt */; };
		A5D756D015D1BD5A00618C79 /* MagazineContents2.txt in CopyFiles */ = {isa = PBXBuildFile; fileRef = A5D756CA15D1BAFD00618C79 /* MagazineContents2.txt */; };
/* End PBXBuildFile section */

/* Begin PBXCopyFilesBuildPhase section */
		8DD76FAF0486AB0100D96B5E /* CopyFiles */ = {
			isa = PBXCopyFilesBuildPhase;
			buildActionMask = 8;
			dstPath = /usr/share/man/man1/;
			dstSubfolderSpec = 0;
			files = (
				8DD76FB00486AB0100D96B5E /* MagazineArticles.1 in CopyFiles */,
			);
			runOnlyForDeploymentPostprocessing = 1;
		};
		A5D756DB15D1BD6600618C79 /* CopyFiles */ = {
			isa = PBXCopyFilesBuildPhase;
			buildActionMask = 2147483647;
			dstPath = ". ";
			dstSubfolderSpec = 16;
			files = (
				A5D756CF15D1BD5A00618C79 /* MagazineContents.txt in CopyFiles */,
				A5D756D015D1BD5A00618C79 /* MagazineContents2.txt in CopyFiles */,
			);
			runOnlyForDeploymentPostprocessing = 0;
		};
/* End PBXCopyFilesBuildPhase section */

/* Begin PBXFileReference section */
		08FB7796FE84155DC02AAC07 /* MagazineArticles_main.c */ = {isa = PBXFileReference; fileEncoding = 4; lastKnownFileType = sourcecode.c.c; path = MagazineArticles_main.c; sourceTree = "<group>"; };
		8DD76FB20486AB0100D96B5E /* MagazineArticles */ = {isa = PBXFileReference; explicitFileType = "compiled.mach-o.executable"; includeInIndex = 0; path = MagazineArticles; sourceTree = BUILT_PRODUCTS_DIR; };
		A5D756C915D1BAFD00618C79 /* MagazineContents.txt */ = {isa = PBXFileReference; fileEncoding = 4; lastKnownFileType = text; path = MagazineContents.txt; sourceTree = "<group>"; };
		A5D756CA15D1BAFD00618C79 /* MagazineContents2.txt */ = {isa = PBXFileReference; fileEncoding = 4; lastKnownFileType = text; path = MagazineContents2.txt; sourceTree = "<group>"; };
		A5D756CB15D1BCFC00618C79 /* MagazineContents.txt */ = {isa = PBXFileReference; fileEncoding = 4; lastKnownFileType = text; name = MagazineContents.txt; path = build/Debug/MagazineContents.txt; sourceTree = "<group>"; };
		A5D756CC15D1BCFC00618C79 /* MagazineContents2.txt */ = {isa = PBXFileReference; fileEncoding = 4; lastKnownFileType = text; name = MagazineContents2.txt; path = build/Debug/MagazineContents2.txt; sourceTree = "<group>"; };
		C6A0FF2C0290799A04C91782 /* MagazineArticles.1 */ = {isa = PBXFileReference; lastKnownFileType = text.man; path = MagazineArticles.1; sourceTree = "<group>"; };
/* End PBXFileReference section */

/* Begin PBXFrameworksBuildPhase section */
		8DD76FAD0486AB0100D96B5E /* Frameworks */ = {
			isa = PBXFrameworksBuildPhase;
			buildActionMask = 2147483647;
			files = (
			);
			runOnlyForDeploymentPostprocessing = 0;
		};
/* End PBXFrameworksBuildPhase section */

/* Begin PBXGroup section */
		08FB7794FE84155DC02AAC07 /* MagazineArticles */ = {
			isa = PBXGroup;
			children = (
				08FB7795FE84155DC02AAC07 /* Source */,
				C6A0FF2B0290797F04C91782 /* Documentation */,
				1AB674ADFE9D54B511CA2CBB /* Products */,
			);
			name = MagazineArticles;
			sourceTree = "<group>";
		};
		08FB7795FE84155DC02AAC07 /* Source */ = {
			isa = PBXGroup;
			children = (
				A5D756C915D1BAFD00618C79 /* MagazineContents.txt */,
				A5D756CA15D1BAFD00618C79 /* MagazineContents2.txt */,
				08FB7796FE84155DC02AAC07 /* MagazineArticles_main.c */,
			);
			name = Source;
			sourceTree = "<group>";
		};
		1AB674ADFE9D54B511CA2CBB /* Products */ = {
			isa = PBXGroup;
			children = (
				A5D756CB15D1BCFC00618C79 /* MagazineContents.txt */,
				A5D756CC15D1BCFC00618C79 /* MagazineContents2.txt */,
				8DD76FB20486AB0100D96B5E /* MagazineArticles */,
			);
			name = Products;
			sourceTree = "<group>";
		};
		C6A0FF2B0290797F04C91782 /* Documentation */ = {
			isa = PBXGroup;
			children = (
				C6A0FF2C0290799A04C91782 /* MagazineArticles.1 */,
			);
			name = Documentation;
			sourceTree = "<group>";
		};
/* End PBXGroup section */

/* Begin PBXNativeTarget section */
		8DD76FA90486AB0100D96B5E /* MagazineArticles */ = {
			isa = PBXNativeTarget;
			buildConfigurationList = 1DEB928508733DD80010E9CD /* Build configuration list for PBXNativeTarget "MagazineArticles" */;
			buildPhases = (
				A5D756DB15D1BD6600618C79 /* CopyFiles */,
				8DD76FAB0486AB0100D96B5E /* Sources */,
				8DD76FAD0486AB0100D96B5E /* Frameworks */,
				8DD76FAF0486AB0100D96B5E /* CopyFiles */,
			);
			buildRules = (
			);
			dependencies = (
			);
			name = MagazineArticles;
			productInstallPath = "$(HOME)/bin";
			productName = MagazineArticles;
			productReference = 8DD76FB20486AB0100D96B5E /* MagazineArticles */;
			productType = "com.apple.product-type.tool";
		};
/* End PBXNativeTarget section */

/* Begin PBXProject section */
		08FB7793FE84155DC02AAC07 /* Project object */ = {
			isa = PBXProject;
			buildConfigurationList = 1DEB928908733DD80010E9CD /* Build configuration list for PBXProject "MagazineArticles" */;
			compatibilityVersion = "Xcode 3.1";
			developmentRegion = English;
			hasScannedForEncodings = 1;
			knownRegions = (
				English,
				Japanese,
				French,
				German,
			);
			mainGroup = 08FB7794FE84155DC02AAC07 /* MagazineArticles */;
			projectDirPath = "";
			projectRoot = "";
			targets = (
				8DD76FA90486AB0100D96B5E /* MagazineArticles */,
			);
		};
/* End PBXProject section */

/* Begin PBXSourcesBuildPhase section */
		8DD76FAB0486AB0100D96B5E /* Sources */ = {
			isa = PBXSourcesBuildPhase;
			buildActionMask = 2147483647;
			files = (
				8DD76FAC0486AB0100D96B5E /* MagazineArticles_main.c in Sources */,
			);
			runOnlyForDeploymentPostprocessing = 0;
		};
/* End PBXSourcesBuildPhase section */

/* Begin XCBuildConfiguration section */
		1DEB928608733DD80010E9CD /* Debug */ = {
			isa = XCBuildConfiguration;
			buildSettings = {
				ALWAYS_SEARCH_USER_PATHS = NO;
				COPY_PHASE_STRIP = NO;
				GCC_DYNAMIC_NO_PIC = NO;
				GCC_ENABLE_FIX_AND_CONTINUE = YES;
				GCC_MODEL_TUNING = G5;
				GCC_OPTIMIZATION_LEVEL = 0;
				INSTALL_PATH = /usr/local/bin;
				PRODUCT_NAME = MagazineArticles;
			};
			name = Debug;
		};
		1DEB928708733DD80010E9CD /* Release */ = {
			isa = XCBuildConfiguration;
			buildSettings = {
				ALWAYS_SEARCH_USER_PATHS = NO;
				DEBUG_INFORMATION_FORMAT = "dwarf-with-dsym";
				GCC_MODEL_TUNING = G5;
				INSTALL_PATH = /usr/local/bin;
				PRODUCT_NAME = MagazineArticles;
			};
			name = Release;
		};
		1DEB928A08733DD80010E9CD /* Debug */ = {
			isa = XCBuildConfiguration;
			buildSettings = {
				ARCHS = "$(ARCHS_STANDARD_32_64_BIT)";
				DEBUG_INFORMATION_FORMAT = "dwarf-with-dsym";
				ENABLE_OPENMP_SUPPORT = YES;
				GCC_C_LANGUAGE_STANDARD = gnu99;
				GCC_ENABLE_EXCEPTIONS = YES;
				GCC_ENABLE_FIX_AND_CONTINUE = YES;
				GCC_ENABLE_OBJC_GC = supported;
				GCC_ENABLE_SSE3_EXTENSIONS = YES;
				GCC_ENABLE_SSE41_EXTENSIONS = YES;
				GCC_ENABLE_SSE42_EXTENSIONS = YES;
				GCC_ENABLE_SUPPLEMENTAL_SSE3_INSTRUCTIONS = YES;
				GCC_ENABLE_TRIGRAPHS = YES;
				GCC_OPTIMIZATION_LEVEL = 0;
				GCC_VERSION = com.apple.compilers.llvm.clang.1_0;
				GCC_WARN_64_TO_32_BIT_CONVERSION = YES;
				GCC_WARN_ABOUT_MISSING_FIELD_INITIALIZERS = YES;
				GCC_WARN_ABOUT_MISSING_NEWLINE = YES;
				GCC_WARN_ABOUT_MISSING_PROTOTYPES = YES;
				GCC_WARN_ABOUT_RETURN_TYPE = YES;
				GCC_WARN_CHECK_SWITCH_STATEMENTS = YES;
				GCC_WARN_FOUR_CHARACTER_CONSTANTS = YES;
				GCC_WARN_INITIALIZER_NOT_FULLY_BRACKETED = YES;
				GCC_WARN_MISSING_PARENTHESES = YES;
				GCC_WARN_MULTIPLE_DEFINITION_TYPES_FOR_SELECTOR = YES;
				GCC_WARN_NON_VIRTUAL_DESTRUCTOR = YES;
				GCC_WARN_PEDANTIC = YES;
				GCC_WARN_PROTOTYPE_CONVERSION = YES;
				GCC_WARN_SHADOW = YES;
				GCC_WARN_SIGN_COMPARE = YES;
				GCC_WARN_STRICT_SELECTOR_MATCH = YES;
				GCC_WARN_UNDECLARED_SELECTOR = YES;
				GCC_WARN_UNINITIALIZED_AUTOS = YES;
				GCC_WARN_UNKNOWN_PRAGMAS = YES;
				GCC_WARN_UNUSED_FUNCTION = YES;
				GCC_WARN_UNUSED_LABEL = YES;
				GCC_WARN_UNUSED_PARAMETER = YES;
				GCC_WARN_UNUSED_VALUE = YES;
				GCC_WARN_UNUSED_VARIABLE = YES;
				GENERATE_PKGINFO_FILE = YES;
				GENERATE_PROFILING_CODE = YES;
				LD_GENERATE_MAP_FILE = YES;
				ONLY_ACTIVE_ARCH = YES;
				PREBINDING = NO;
				RUN_CLANG_STATIC_ANALYZER = YES;
				SCAN_ALL_SOURCE_FILES_FOR_INCLUDES = YES;
				SDKROOT = macosx10.6;
				VALIDATE_PRODUCT = YES;
			};
			name = Debug;
		};
		1DEB928B08733DD80010E9CD /* Release */ = {
			isa = XCBuildConfiguration;
			buildSettings = {
				ARCHS = "$(ARCHS_STANDARD_32_64_BIT)";
				GCC_C_LANGUAGE_STANDARD = gnu99;
				GCC_WARN_ABOUT_RETURN_TYPE = YES;
				GCC_WARN_UNUSED_VARIABLE = YES;
				PREBINDING = NO;
				SDKROOT = macosx10.6;
			};
			name = Release;
		};
/* End XCBuildConfiguration section */

/* Begin XCConfigurationList section */
		1DEB928508733DD80010E9CD /* Build configuration list for PBXNativeTarget "MagazineArticles" */ = {
			isa = XCConfigurationList;
			buildConfigurations = (
				1DEB928608733DD80010E9CD /* Debug */,
				1DEB928708733DD80010E9CD /* Release */,
			);
			defaultConfigurationIsVisible = 0;
			defaultConfigurationName = Release;
		};
		1DEB928908733DD80010E9CD /* Build configuration list for PBXProject "MagazineArticles" */ = {
			isa = XCConfigurationList;
			buildConfigurations = (
				1DEB928A08733DD80010E9CD /* Debug */,
				1DEB928B08733DD80010E9CD /* Release */,
			);
			defaultConfigurationIsVisible = 0;
			defaultConfigurationName = Release;
		};
/* End XCConfigurationList section */
	};
	rootObject = 08FB7793FE84155DC02AAC07 /* Project object */;
}
